{
  "version": 4,
  "terraform_version": "1.4.6",
  "serial": 28,
  "lineage": "c86af47e-d40f-1571-2315-97ff2fd78355",
  "outputs": {},
  "resources": [
    {
      "mode": "managed",
      "type": "github_repository_file",
      "name": "file",
      "provider": "provider[\"registry.terraform.io/integrations/github\"]",
      "instances": [
        {
          "index_key": ".terraform.lock.hcl",
          "schema_version": 0,
          "attributes": {
            "branch": "master",
            "commit_author": "",
            "commit_email": "",
            "commit_message": "Managed by Terraform",
            "commit_sha": "5ac12ab686dd266648872678b93d594284a27898",
            "content": "# This file is maintained automatically by \"terraform init\".\n# Manual edits may be lost in future updates.\n\nprovider \"registry.terraform.io/hashicorp/kubernetes\" {\n  version     = \"2.20.0\"\n  constraints = \"2.20.0\"\n  hashes = [\n    \"h1:fxmvt3S6QVBXR+T2VKRHWOzvuiY+eF4skljoXuGb33g=\",\n    \"zh:30bc224c94d2c90a7d44554f2ad30e3b62c7ffc6ddb7d4fd31b9acafb8b5ad77\",\n    \"zh:3903cc9f0c3169a24265c4920d925ed7e37cbc4312237b29bd5b4ddcd6bdc535\",\n    \"zh:512240f6dad36c0116a8717487a4ea12a6b4191028782c5b6749037892e2c6ed\",\n    \"zh:57d5f77dcde7781803b465205aec3507780bfaa77031f5b893ae7cbebd4789b6\",\n    \"zh:6274ab8c3b59634c344c337218223640e9d954996b9299587ca924e4dfb77aa4\",\n    \"zh:6d838a25f3e3c696cf894f0adb44b41b461a2c76f914f1ae2c318ccbb1ec4e36\",\n    \"zh:92f09e3e03311c4e24601b704d85de57677f49e29f42cc3479fafa68f5de300a\",\n    \"zh:abb3cd606e485a46c076d6f60d37b5e5ecaa128c0150c8235627b484f2fac902\",\n    \"zh:afc07f5c0d7ce2cc907600e4f87a1290203a36221951e19e5d3f1409a0502377\",\n    \"zh:d9c01e4f12fabf5d6d9d11ceb409585b71c2abcad478496446de6ff18bbf2f5f\",\n    \"zh:f40faba2269184b305f229503945400ed6eeafec7ac395c23f243bccab7b11b2\",\n    \"zh:f569b65999264a9416862bca5cd2a6177d94ccb0424f3a4ef424428912b9cb3c\",\n  ]\n}\n",
            "file": "13-terraform/.terraform.lock.hcl",
            "id": "devops-hometasks/13-terraform/.terraform.lock.hcl",
            "overwrite_on_create": true,
            "ref": "master",
            "repository": "devops-hometasks",
            "sha": "ed68f64b1412e67dbefe0aeaaa8ca0ddc9c9540d"
          },
          "sensitive_attributes": [],
          "private": "bnVsbA=="
        },
        {
          "index_key": "deployment.tf",
          "schema_version": 0,
          "attributes": {
            "branch": "master",
            "commit_author": "",
            "commit_email": "",
            "commit_message": "Managed by Terraform",
            "commit_sha": "a3120b754152e7c663f84e57649b135b1fe8117e",
            "content": "resource \"kubernetes_deployment_v1\" \"wcg-depl\" {\r\n  metadata {\r\n    name = var.app_name\r\n    }\r\n\r\n  spec {\r\n    replicas = var.deployment_replica_number\r\n\r\n    selector {\r\n      match_labels = {\r\n        app = var.app_name\r\n      }\r\n    }\r\n\r\n    template {\r\n      metadata {\r\n        labels = {\r\n          app = var.app_name\r\n        }\r\n      }\r\n\r\n      spec {\r\n        container {\r\n          image = var.deployment_container_image\r\n          name  = var.app_name\r\n\r\n          resources {\r\n            # limits = {\r\n            #   cpu    = \"1\"\r\n            #   memory = \"512Mi\"\r\n            # }\r\n            # requests = {\r\n            #   cpu    = \"1\"\r\n            #   memory = \"512Mi\"\r\n            # }\r\n          }\r\n        }\r\n      }\r\n    }\r\n  }\r\n}",
            "file": "13-terraform/deployment.tf",
            "id": "devops-hometasks/13-terraform/deployment.tf",
            "overwrite_on_create": true,
            "ref": "master",
            "repository": "devops-hometasks",
            "sha": "f848d2289e20b4f75b27d1018bb6e11ffd88318d"
          },
          "sensitive_attributes": [],
          "private": "bnVsbA=="
        },
        {
          "index_key": "ingress.tf",
          "schema_version": 0,
          "attributes": {
            "branch": "master",
            "commit_author": "",
            "commit_email": "",
            "commit_message": "Managed by Terraform",
            "commit_sha": "0dd751ab7d1fe8ecef5225b916fd53c94426d1c5",
            "content": "resource \"kubernetes_ingress_v1\" \"wcg-ingress\" {\r\n  metadata {\r\n    name = var.app_name\r\n  }\r\n\r\n  spec {\r\n    rule {\r\n      host = var.ingress_host\r\n      http {\r\n        path {\r\n          backend {\r\n            service {\r\n              name = var.app_name\r\n              port {\r\n                number = var.ingress_port\r\n              }\r\n            }\r\n          }\r\n          path = var.ingress_path\r\n          path_type = var.ingress_path_type\r\n        }\r\n      }\r\n    }\r\n  }\r\n}",
            "file": "13-terraform/ingress.tf",
            "id": "devops-hometasks/13-terraform/ingress.tf",
            "overwrite_on_create": true,
            "ref": "master",
            "repository": "devops-hometasks",
            "sha": "36e04ba010435eb4998bed4b98913a780862a2ad"
          },
          "sensitive_attributes": [],
          "private": "bnVsbA=="
        },
        {
          "index_key": "providers.tf",
          "schema_version": 0,
          "attributes": {
            "branch": "master",
            "commit_author": "",
            "commit_email": "",
            "commit_message": "Managed by Terraform",
            "commit_sha": "8cf5037539c7c9e234ca7f9ac9d7785b025ce56a",
            "content": "terraform {\r\n  required_providers {\r\n    kubernetes = {\r\n      source  = \"hashicorp/kubernetes\"\r\n      version = \"2.20.0\"\r\n    }\r\n  }\r\n\r\n  backend \"kubernetes\" {\r\n    secret_suffix = \"state\"\r\n    config_path   = \"~/.kube/config\"\r\n  }\r\n}\r\n\r\nprovider \"kubernetes\" {\r\n  config_path    = \"~/.kube/config\"\r\n  config_context = \"minikube\"\r\n}",
            "file": "13-terraform/providers.tf",
            "id": "devops-hometasks/13-terraform/providers.tf",
            "overwrite_on_create": true,
            "ref": "master",
            "repository": "devops-hometasks",
            "sha": "ccbce99fa4f0288579ed6ae5997554cce4075725"
          },
          "sensitive_attributes": [],
          "private": "bnVsbA=="
        },
        {
          "index_key": "service.tf",
          "schema_version": 0,
          "attributes": {
            "branch": "master",
            "commit_author": "",
            "commit_email": "",
            "commit_message": "Managed by Terraform",
            "commit_sha": "749e1f619ea10a499244b5a341ab7f286b4b3a0b",
            "content": "resource \"kubernetes_service_v1\" \"wcg-svc\" {\r\n  metadata {\r\n    name = var.app_name\r\n  }\r\n  spec {\r\n    selector = {\r\n      app = var.app_name\r\n    }\r\n\r\n    port {\r\n      port        = var.service_port\r\n      target_port = var.service_target_port\r\n    }\r\n    # type = \"ClusterIP\"\r\n  }\r\n}",
            "file": "13-terraform/service.tf",
            "id": "devops-hometasks/13-terraform/service.tf",
            "overwrite_on_create": true,
            "ref": "master",
            "repository": "devops-hometasks",
            "sha": "0c275e48372fdf46bc7527c0140e80c334f61558"
          },
          "sensitive_attributes": [],
          "private": "bnVsbA=="
        },
        {
          "index_key": "terraform.tfvars",
          "schema_version": 0,
          "attributes": {
            "branch": "master",
            "commit_author": "",
            "commit_email": "",
            "commit_message": "Managed by Terraform",
            "commit_sha": "e62fd292d9cb0a9c0cb2dc1cebae5b5810ab78df",
            "content": "app_name = \"wcg\"\r\ndeployment_container_image = \"ghcr.io/arraktur/wcg:70914d7813a6663a34313df01dc6ff2c0ea3ef4e\"\r\nservice_port = \"8888\"\r\nservice_target_port = \"8888\"\r\ningress_host = \"wcg.local\"\r\ningress_port = \"8888\"\r\ningress_path = \"/\"\r\n",
            "file": "13-terraform/terraform.tfvars",
            "id": "devops-hometasks/13-terraform/terraform.tfvars",
            "overwrite_on_create": true,
            "ref": "master",
            "repository": "devops-hometasks",
            "sha": "ba45991913075549054032e6a38c98c5c6107418"
          },
          "sensitive_attributes": [],
          "private": "bnVsbA=="
        },
        {
          "index_key": "variables.tf",
          "schema_version": 0,
          "attributes": {
            "branch": "master",
            "commit_author": "",
            "commit_email": "",
            "commit_message": "Managed by Terraform",
            "commit_sha": "3b49f691fd0c23ef12d8d76937715a42e667e688",
            "content": "variable \"app_name\" {}\r\n\r\nvariable \"deployment_replica_number\" {\r\n    default = \"1\"\r\n}\r\n\r\nvariable \"deployment_container_image\" {}\r\n\r\nvariable \"service_port\" {}\r\n\r\nvariable \"service_target_port\" {}\r\n\r\nvariable \"ingress_host\" {}\r\n\r\nvariable \"ingress_port\" {}\r\n\r\nvariable \"ingress_path\" {}\r\n\r\nvariable \"ingress_path_type\" {\r\n    default = \"Prefix\"\r\n}\r\n\r\nvariable \"provider_host\" {\r\n    default = \"https://192.168.49.2:8443\"\r\n}\r\n\r\nvariable \"provider_client_certificate\" {\r\n    default = \"~/.minikube/profiles/minikube/client.crt\"\r\n}\r\n\r\nvariable \"provider_client_key\" {\r\n    default = \"~/.minikube/profiles/minikube/client.key\"\r\n}\r\n\r\nvariable \"provider_cluster_ca_certificate\" {\r\n    default = \"~/.minikube/ca.crt\"\r\n}",
            "file": "13-terraform/variables.tf",
            "id": "devops-hometasks/13-terraform/variables.tf",
            "overwrite_on_create": true,
            "ref": "master",
            "repository": "devops-hometasks",
            "sha": "c1c2cb8da3ae7fd205ca6b0c7cda87d3cb9b578f"
          },
          "sensitive_attributes": [],
          "private": "bnVsbA=="
        }
      ]
    },
    {
      "mode": "managed",
      "type": "github_repository_file",
      "name": "git",
      "provider": "provider[\"registry.terraform.io/integrations/github\"]",
      "instances": [
        {
          "index_key": "provider.tf",
          "schema_version": 0,
          "attributes": {
            "branch": "master",
            "commit_author": null,
            "commit_email": null,
            "commit_message": "Managed by Terraform",
            "commit_sha": "7dccff1ff9fa542331f2fed73e7c405a9f8533b5",
            "content": "terraform {\r\n  required_providers {\r\n    github = {\r\n      source  = \"integrations/github\"\r\n      version = \"~\u003e 5.0\"    }\r\n  }\r\n}\r\n\r\nprovider \"github\" {\r\n  token = var.GITHUB_TOKEN\r\n}",
            "file": "13-terraform/github/provider.tf",
            "id": "devops-hometasks/13-terraform/github/provider.tf",
            "overwrite_on_create": true,
            "ref": "master",
            "repository": "devops-hometasks",
            "sha": "9caa824e37c7c7b091c669f8677116fb216a1776"
          },
          "sensitive_attributes": [],
          "private": "bnVsbA=="
        },
        {
          "index_key": "repo.tf",
          "schema_version": 0,
          "attributes": {
            "branch": "master",
            "commit_author": null,
            "commit_email": null,
            "commit_message": "Managed by Terraform",
            "commit_sha": "1307558c6278b0517a197aee5795ad328318ba1e",
            "content": "resource \"github_repository_file\" \"file\" {\r\n  for_each = fileset(\"${path.module}/../\",\"*\")\r\n\r\n  repository          = \"devops-hometasks\"\r\n  branch              = \"master\"\r\n  file                = \"13-terraform/${each.value}\"\r\n  content             = file(\"${path.module}/../${each.value}\")\r\n  commit_message      = \"Managed by Terraform\"\r\n  overwrite_on_create = true\r\n}\r\n\r\nresource \"github_repository_file\" \"git\" {\r\n  for_each = fileset(\"${path.module}/../github\",\"*.tf\")\r\n\r\n  repository          = \"devops-hometasks\"\r\n  branch              = \"master\"\r\n  file                = \"13-terraform/github/${each.value}\"\r\n  content             = file(\"${path.module}/../github/${each.value}\")\r\n  commit_message      = \"Managed by Terraform\"\r\n  overwrite_on_create = true\r\n}",
            "file": "13-terraform/github/repo.tf",
            "id": "devops-hometasks/13-terraform/github/repo.tf",
            "overwrite_on_create": true,
            "ref": "master",
            "repository": "devops-hometasks",
            "sha": "79dbb3d83cf0b005b7f36be8a9e01dbc53945689"
          },
          "sensitive_attributes": [],
          "private": "bnVsbA=="
        },
        {
          "index_key": "variables.tf",
          "schema_version": 0,
          "attributes": {
            "branch": "master",
            "commit_author": null,
            "commit_email": null,
            "commit_message": "Managed by Terraform",
            "commit_sha": "9fcbf0b4f708c4d80ab8a4b6d6a61786514f4b55",
            "content": "variable \"GITHUB_TOKEN\" {}\r\n\r\n",
            "file": "13-terraform/github/variables.tf",
            "id": "devops-hometasks/13-terraform/github/variables.tf",
            "overwrite_on_create": true,
            "ref": "master",
            "repository": "devops-hometasks",
            "sha": "c0f12c0e1bcc9d854fc10d5dae79c682943f2484"
          },
          "sensitive_attributes": [],
          "private": "bnVsbA=="
        }
      ]
    }
  ],
  "check_results": null
}
